
Microsoft Visual Studio Solution File, Format Version 12.00
# Visual Studio Version 16
VisualStudioVersion = 16.0.29215.179
MinimumVisualStudioVersion = 10.0.40219.1
Project("{8BC9CEB8-8B4A-11D0-8D11-00A0C91BC942}") = "blah-blah-1", "blah-blah-1\blah-blah-1.vcxproj", "{7F510E6C-E86C-4E7B-ABF6-E8F65DE97959}"
EndProject
Project("{8BC9CEB8-8B4A-11D0-8D11-00A0C91BC942}") = "10.09", "10.09\10.09.vcxproj", "{BC055B4A-1AD1-4D5C-856A-0EF07B3888B9}"
EndProject
Project("{8BC9CEB8-8B4A-11D0-8D11-00A0C91BC942}") = "17.09", "17.09\17.09.vcxproj", "{76EDCE8E-6B68-4F2B-802C-CE8CF035D686}"
EndProject
Project("{8BC9CEB8-8B4A-11D0-8D11-00A0C91BC942}") = "labka1", "labka1\labka1.vcxproj", "{70203C0F-998A-4936-8E5E-913F05B29EE5}"
EndProject
Project("{8BC9CEB8-8B4A-11D0-8D11-00A0C91BC942}") = "23.09", "23.09\23.09.vcxproj", "{6CEDAE13-FF94-402F-A9D5-8E3304775956}"
EndProject
Project("{8BC9CEB8-8B4A-11D0-8D11-00A0C91BC942}") = "labka2", "labka2\labka2.vcxproj", "{67EA14BB-2C5C-4401-AAFD-7985FDB7058E}"
EndProject
Project("{8BC9CEB8-8B4A-11D0-8D11-00A0C91BC942}") = "24.09", "24.09\24.09.vcxproj", "{E59F5221-DD9B-4FCC-A922-3DFFF8FF9AA5}"
EndProject
Project("{8BC9CEB8-8B4A-11D0-8D11-00A0C91BC942}") = "30.09", "30.09\30.09.vcxproj", "{21D1EBE9-9870-4F97-B50D-8EA49D15D054}"
EndProject
Project("{8BC9CEB8-8B4A-11D0-8D11-00A0C91BC942}") = "labka3", "labka3\labka3.vcxproj", "{A2CF34C4-EB83-4A6C-8B87-5A8247AF935F}"
EndProject
Project("{8BC9CEB8-8B4A-11D0-8D11-00A0C91BC942}") = "08.10", "08.10\08.10.vcxproj", "{0DF0985A-DB11-431E-B3B7-99100D229A40}"
EndProject
Project("{8BC9CEB8-8B4A-11D0-8D11-00A0C91BC942}") = "15.10", "15.10\15.10.vcxproj", "{2CD6583A-13E2-432C-B231-031BD7DB9F42}"
EndProject
Project("{8BC9CEB8-8B4A-11D0-8D11-00A0C91BC942}") = "21.10", "21.10\21.10.vcxproj", "{FC749948-BA73-4226-BA84-F355F56981F1}"
EndProject
Project("{8BC9CEB8-8B4A-11D0-8D11-00A0C91BC942}") = "28.10", "28.10\28.10.vcxproj", "{6375F064-3871-4204-91FE-1EA64A7932F6}"
EndProject
Project("{8BC9CEB8-8B4A-11D0-8D11-00A0C91BC942}") = "04.11", "04.11\04.11.vcxproj", "{D7193D2A-9430-4BE6-8C62-1C9F1A7AE012}"
EndProject
Project("{8BC9CEB8-8B4A-11D0-8D11-00A0C91BC942}") = "modul", "modul\modul.vcxproj", "{ADC96E63-D7E3-43CE-A9D0-ED57F6E7F27D}"
EndProject
Global
	GlobalSection(SolutionConfigurationPlatforms) = preSolution
		Debug|x64 = Debug|x64
		Debug|x86 = Debug|x86
		Release|x64 = Release|x64
		Release|x86 = Release|x86
	EndGlobalSection
	GlobalSection(ProjectConfigurationPlatforms) = postSolution
		{7F510E6C-E86C-4E7B-ABF6-E8F65DE97959}.Debug|x64.ActiveCfg = Debug|x64
		{7F510E6C-E86C-4E7B-ABF6-E8F65DE97959}.Debug|x64.Build.0 = Debug|x64
		{7F510E6C-E86C-4E7B-ABF6-E8F65DE97959}.Debug|x86.ActiveCfg = Debug|Win32
		{7F510E6C-E86C-4E7B-ABF6-E8F65DE97959}.Debug|x86.Build.0 = Debug|Win32
		{7F510E6C-E86C-4E7B-ABF6-E8F65DE97959}.Release|x64.ActiveCfg = Release|x64
		{7F510E6C-E86C-4E7B-ABF6-E8F65DE97959}.Release|x64.Build.0 = Release|x64
		{7F510E6C-E86C-4E7B-ABF6-E8F65DE97959}.Release|x86.ActiveCfg = Release|Win32
		{7F510E6C-E86C-4E7B-ABF6-E8F65DE97959}.Release|x86.Build.0 = Release|Win32
		{BC055B4A-1AD1-4D5C-856A-0EF07B3888B9}.Debug|x64.ActiveCfg = Debug|x64
		{BC055B4A-1AD1-4D5C-856A-0EF07B3888B9}.Debug|x64.Build.0 = Debug|x64
		{BC055B4A-1AD1-4D5C-856A-0EF07B3888B9}.Debug|x86.ActiveCfg = Debug|Win32
		{BC055B4A-1AD1-4D5C-856A-0EF07B3888B9}.Debug|x86.Build.0 = Debug|Win32
		{BC055B4A-1AD1-4D5C-856A-0EF07B3888B9}.Release|x64.ActiveCfg = Release|x64
		{BC055B4A-1AD1-4D5C-856A-0EF07B3888B9}.Release|x64.Build.0 = Release|x64
		{BC055B4A-1AD1-4D5C-856A-0EF07B3888B9}.Release|x86.ActiveCfg = Release|Win32
		{BC055B4A-1AD1-4D5C-856A-0EF07B3888B9}.Release|x86.Build.0 = Release|Win32
		{76EDCE8E-6B68-4F2B-802C-CE8CF035D686}.Debug|x64.ActiveCfg = Debug|x64
		{76EDCE8E-6B68-4F2B-802C-CE8CF035D686}.Debug|x64.Build.0 = Debug|x64
		{76EDCE8E-6B68-4F2B-802C-CE8CF035D686}.Debug|x86.ActiveCfg = Debug|Win32
		{76EDCE8E-6B68-4F2B-802C-CE8CF035D686}.Debug|x86.Build.0 = Debug|Win32
		{76EDCE8E-6B68-4F2B-802C-CE8CF035D686}.Release|x64.ActiveCfg = Release|x64
		{76EDCE8E-6B68-4F2B-802C-CE8CF035D686}.Release|x64.Build.0 = Release|x64
		{76EDCE8E-6B68-4F2B-802C-CE8CF035D686}.Release|x86.ActiveCfg = Release|Win32
		{76EDCE8E-6B68-4F2B-802C-CE8CF035D686}.Release|x86.Build.0 = Release|Win32
		{70203C0F-998A-4936-8E5E-913F05B29EE5}.Debug|x64.ActiveCfg = Debug|x64
		{70203C0F-998A-4936-8E5E-913F05B29EE5}.Debug|x64.Build.0 = Debug|x64
		{70203C0F-998A-4936-8E5E-913F05B29EE5}.Debug|x86.ActiveCfg = Debug|Win32
		{70203C0F-998A-4936-8E5E-913F05B29EE5}.Debug|x86.Build.0 = Debug|Win32
		{70203C0F-998A-4936-8E5E-913F05B29EE5}.Release|x64.ActiveCfg = Release|x64
		{70203C0F-998A-4936-8E5E-913F05B29EE5}.Release|x64.Build.0 = Release|x64
		{70203C0F-998A-4936-8E5E-913F05B29EE5}.Release|x86.ActiveCfg = Release|Win32
		{70203C0F-998A-4936-8E5E-913F05B29EE5}.Release|x86.Build.0 = Release|Win32
		{6CEDAE13-FF94-402F-A9D5-8E3304775956}.Debug|x64.ActiveCfg = Debug|x64
		{6CEDAE13-FF94-402F-A9D5-8E3304775956}.Debug|x64.Build.0 = Debug|x64
		{6CEDAE13-FF94-402F-A9D5-8E3304775956}.Debug|x86.ActiveCfg = Debug|Win32
		{6CEDAE13-FF94-402F-A9D5-8E3304775956}.Debug|x86.Build.0 = Debug|Win32
		{6CEDAE13-FF94-402F-A9D5-8E3304775956}.Release|x64.ActiveCfg = Release|x64
		{6CEDAE13-FF94-402F-A9D5-8E3304775956}.Release|x64.Build.0 = Release|x64
		{6CEDAE13-FF94-402F-A9D5-8E3304775956}.Release|x86.ActiveCfg = Release|Win32
		{6CEDAE13-FF94-402F-A9D5-8E3304775956}.Release|x86.Build.0 = Release|Win32
		{67EA14BB-2C5C-4401-AAFD-7985FDB7058E}.Debug|x64.ActiveCfg = Debug|x64
		{67EA14BB-2C5C-4401-AAFD-7985FDB7058E}.Debug|x64.Build.0 = Debug|x64
		{67EA14BB-2C5C-4401-AAFD-7985FDB7058E}.Debug|x86.ActiveCfg = Debug|Win32
		{67EA14BB-2C5C-4401-AAFD-7985FDB7058E}.Debug|x86.Build.0 = Debug|Win32
		{67EA14BB-2C5C-4401-AAFD-7985FDB7058E}.Release|x64.ActiveCfg = Release|x64
		{67EA14BB-2C5C-4401-AAFD-7985FDB7058E}.Release|x64.Build.0 = Release|x64
		{67EA14BB-2C5C-4401-AAFD-7985FDB7058E}.Release|x86.ActiveCfg = Release|Win32
		{67EA14BB-2C5C-4401-AAFD-7985FDB7058E}.Release|x86.Build.0 = Release|Win32
		{E59F5221-DD9B-4FCC-A922-3DFFF8FF9AA5}.Debug|x64.ActiveCfg = Debug|x64
		{E59F5221-DD9B-4FCC-A922-3DFFF8FF9AA5}.Debug|x64.Build.0 = Debug|x64
		{E59F5221-DD9B-4FCC-A922-3DFFF8FF9AA5}.Debug|x86.ActiveCfg = Debug|Win32
		{E59F5221-DD9B-4FCC-A922-3DFFF8FF9AA5}.Debug|x86.Build.0 = Debug|Win32
		{E59F5221-DD9B-4FCC-A922-3DFFF8FF9AA5}.Release|x64.ActiveCfg = Release|x64
		{E59F5221-DD9B-4FCC-A922-3DFFF8FF9AA5}.Release|x64.Build.0 = Release|x64
		{E59F5221-DD9B-4FCC-A922-3DFFF8FF9AA5}.Release|x86.ActiveCfg = Release|Win32
		{E59F5221-DD9B-4FCC-A922-3DFFF8FF9AA5}.Release|x86.Build.0 = Release|Win32
		{21D1EBE9-9870-4F97-B50D-8EA49D15D054}.Debug|x64.ActiveCfg = Debug|x64
		{21D1EBE9-9870-4F97-B50D-8EA49D15D054}.Debug|x64.Build.0 = Debug|x64
		{21D1EBE9-9870-4F97-B50D-8EA49D15D054}.Debug|x86.ActiveCfg = Debug|Win32
		{21D1EBE9-9870-4F97-B50D-8EA49D15D054}.Debug|x86.Build.0 = Debug|Win32
		{21D1EBE9-9870-4F97-B50D-8EA49D15D054}.Release|x64.ActiveCfg = Release|x64
		{21D1EBE9-9870-4F97-B50D-8EA49D15D054}.Release|x64.Build.0 = Release|x64
		{21D1EBE9-9870-4F97-B50D-8EA49D15D054}.Release|x86.ActiveCfg = Release|Win32
		{21D1EBE9-9870-4F97-B50D-8EA49D15D054}.Release|x86.Build.0 = Release|Win32
		{A2CF34C4-EB83-4A6C-8B87-5A8247AF935F}.Debug|x64.ActiveCfg = Debug|x64
		{A2CF34C4-EB83-4A6C-8B87-5A8247AF935F}.Debug|x64.Build.0 = Debug|x64
		{A2CF34C4-EB83-4A6C-8B87-5A8247AF935F}.Debug|x86.ActiveCfg = Debug|Win32
		{A2CF34C4-EB83-4A6C-8B87-5A8247AF935F}.Debug|x86.Build.0 = Debug|Win32
		{A2CF34C4-EB83-4A6C-8B87-5A8247AF935F}.Release|x64.ActiveCfg = Release|x64
		{A2CF34C4-EB83-4A6C-8B87-5A8247AF935F}.Release|x64.Build.0 = Release|x64
		{A2CF34C4-EB83-4A6C-8B87-5A8247AF935F}.Release|x86.ActiveCfg = Release|Win32
		{A2CF34C4-EB83-4A6C-8B87-5A8247AF935F}.Release|x86.Build.0 = Release|Win32
		{0DF0985A-DB11-431E-B3B7-99100D229A40}.Debug|x64.ActiveCfg = Debug|x64
		{0DF0985A-DB11-431E-B3B7-99100D229A40}.Debug|x64.Build.0 = Debug|x64
		{0DF0985A-DB11-431E-B3B7-99100D229A40}.Debug|x86.ActiveCfg = Debug|Win32
		{0DF0985A-DB11-431E-B3B7-99100D229A40}.Debug|x86.Build.0 = Debug|Win32
		{0DF0985A-DB11-431E-B3B7-99100D229A40}.Release|x64.ActiveCfg = Release|x64
		{0DF0985A-DB11-431E-B3B7-99100D229A40}.Release|x64.Build.0 = Release|x64
		{0DF0985A-DB11-431E-B3B7-99100D229A40}.Release|x86.ActiveCfg = Release|Win32
		{0DF0985A-DB11-431E-B3B7-99100D229A40}.Release|x86.Build.0 = Release|Win32
		{2CD6583A-13E2-432C-B231-031BD7DB9F42}.Debug|x64.ActiveCfg = Debug|x64
		{2CD6583A-13E2-432C-B231-031BD7DB9F42}.Debug|x64.Build.0 = Debug|x64
		{2CD6583A-13E2-432C-B231-031BD7DB9F42}.Debug|x86.ActiveCfg = Debug|Win32
		{2CD6583A-13E2-432C-B231-031BD7DB9F42}.Debug|x86.Build.0 = Debug|Win32
		{2CD6583A-13E2-432C-B231-031BD7DB9F42}.Release|x64.ActiveCfg = Release|x64
		{2CD6583A-13E2-432C-B231-031BD7DB9F42}.Release|x64.Build.0 = Release|x64
		{2CD6583A-13E2-432C-B231-031BD7DB9F42}.Release|x86.ActiveCfg = Release|Win32
		{2CD6583A-13E2-432C-B231-031BD7DB9F42}.Release|x86.Build.0 = Release|Win32
		{FC749948-BA73-4226-BA84-F355F56981F1}.Debug|x64.ActiveCfg = Debug|x64
		{FC749948-BA73-4226-BA84-F355F56981F1}.Debug|x64.Build.0 = Debug|x64
		{FC749948-BA73-4226-BA84-F355F56981F1}.Debug|x86.ActiveCfg = Debug|Win32
		{FC749948-BA73-4226-BA84-F355F56981F1}.Debug|x86.Build.0 = Debug|Win32
		{FC749948-BA73-4226-BA84-F355F56981F1}.Release|x64.ActiveCfg = Release|x64
		{FC749948-BA73-4226-BA84-F355F56981F1}.Release|x64.Build.0 = Release|x64
		{FC749948-BA73-4226-BA84-F355F56981F1}.Release|x86.ActiveCfg = Release|Win32
		{FC749948-BA73-4226-BA84-F355F56981F1}.Release|x86.Build.0 = Release|Win32
		{6375F064-3871-4204-91FE-1EA64A7932F6}.Debug|x64.ActiveCfg = Debug|x64
		{6375F064-3871-4204-91FE-1EA64A7932F6}.Debug|x64.Build.0 = Debug|x64
		{6375F064-3871-4204-91FE-1EA64A7932F6}.Debug|x86.ActiveCfg = Debug|Win32
		{6375F064-3871-4204-91FE-1EA64A7932F6}.Debug|x86.Build.0 = Debug|Win32
		{6375F064-3871-4204-91FE-1EA64A7932F6}.Release|x64.ActiveCfg = Release|x64
		{6375F064-3871-4204-91FE-1EA64A7932F6}.Release|x64.Build.0 = Release|x64
		{6375F064-3871-4204-91FE-1EA64A7932F6}.Release|x86.ActiveCfg = Release|Win32
		{6375F064-3871-4204-91FE-1EA64A7932F6}.Release|x86.Build.0 = Release|Win32
		{D7193D2A-9430-4BE6-8C62-1C9F1A7AE012}.Debug|x64.ActiveCfg = Debug|x64
		{D7193D2A-9430-4BE6-8C62-1C9F1A7AE012}.Debug|x64.Build.0 = Debug|x64
		{D7193D2A-9430-4BE6-8C62-1C9F1A7AE012}.Debug|x86.ActiveCfg = Debug|Win32
		{D7193D2A-9430-4BE6-8C62-1C9F1A7AE012}.Debug|x86.Build.0 = Debug|Win32
		{D7193D2A-9430-4BE6-8C62-1C9F1A7AE012}.Release|x64.ActiveCfg = Release|x64
		{D7193D2A-9430-4BE6-8C62-1C9F1A7AE012}.Release|x64.Build.0 = Release|x64
		{D7193D2A-9430-4BE6-8C62-1C9F1A7AE012}.Release|x86.ActiveCfg = Release|Win32
		{D7193D2A-9430-4BE6-8C62-1C9F1A7AE012}.Release|x86.Build.0 = Release|Win32
		{ADC96E63-D7E3-43CE-A9D0-ED57F6E7F27D}.Debug|x64.ActiveCfg = Debug|x64
		{ADC96E63-D7E3-43CE-A9D0-ED57F6E7F27D}.Debug|x64.Build.0 = Debug|x64
		{ADC96E63-D7E3-43CE-A9D0-ED57F6E7F27D}.Debug|x86.ActiveCfg = Debug|Win32
		{ADC96E63-D7E3-43CE-A9D0-ED57F6E7F27D}.Debug|x86.Build.0 = Debug|Win32
		{ADC96E63-D7E3-43CE-A9D0-ED57F6E7F27D}.Release|x64.ActiveCfg = Release|x64
		{ADC96E63-D7E3-43CE-A9D0-ED57F6E7F27D}.Release|x64.Build.0 = Release|x64
		{ADC96E63-D7E3-43CE-A9D0-ED57F6E7F27D}.Release|x86.ActiveCfg = Release|Win32
		{ADC96E63-D7E3-43CE-A9D0-ED57F6E7F27D}.Release|x86.Build.0 = Release|Win32
	EndGlobalSection
	GlobalSection(SolutionProperties) = preSolution
		HideSolutionNode = FALSE
	EndGlobalSection
	GlobalSection(ExtensibilityGlobals) = postSolution
		SolutionGuid = {781E041B-6448-45D9-AE60-C1A4049C8633}
	EndGlobalSection
EndGlobal
