
Microsoft Visual Studio Solution File, Format Version 12.00
# Visual Studio Version 16
VisualStudioVersion = 16.0.29215.179
MinimumVisualStudioVersion = 10.0.40219.1
Project("{8BC9CEB8-8B4A-11D0-8D11-00A0C91BC942}") = "blah-blah-1", "blah-blah-1\blah-blah-1.vcxproj", "{7F510E6C-E86C-4E7B-ABF6-E8F65DE97959}"
EndProject
Project("{8BC9CEB8-8B4A-11D0-8D11-00A0C91BC942}") = "10.09", "10.09\10.09.vcxproj", "{BC055B4A-1AD1-4D5C-856A-0EF07B3888B9}"
EndProject
Project("{8BC9CEB8-8B4A-11D0-8D11-00A0C91BC942}") = "17.09", "17.09\17.09.vcxproj", "{76EDCE8E-6B68-4F2B-802C-CE8CF035D686}"
EndProject
Project("{8BC9CEB8-8B4A-11D0-8D11-00A0C91BC942}") = "labka1", "labka1\labka1.vcxproj", "{70203C0F-998A-4936-8E5E-913F05B29EE5}"
EndProject
Project("{8BC9CEB8-8B4A-11D0-8D11-00A0C91BC942}") = "23.09", "23.09\23.09.vcxproj", "{6CEDAE13-FF94-402F-A9D5-8E3304775956}"
EndProject
Project("{8BC9CEB8-8B4A-11D0-8D11-00A0C91BC942}") = "labka2", "labka2\labka2.vcxproj", "{67EA14BB-2C5C-4401-AAFD-7985FDB7058E}"
EndProject
Project("{8BC9CEB8-8B4A-11D0-8D11-00A0C91BC942}") = "24.09", "24.09\24.09.vcxproj", "{E59F5221-DD9B-4FCC-A922-3DFFF8FF9AA5}"
EndProject
Project("{8BC9CEB8-8B4A-11D0-8D11-00A0C91BC942}") = "30.09", "30.09\30.09.vcxproj", "{21D1EBE9-9870-4F97-B50D-8EA49D15D054}"
EndProject
Project("{8BC9CEB8-8B4A-11D0-8D11-00A0C91BC942}") = "labka3", "labka3\labka3.vcxproj", "{A2CF34C4-EB83-4A6C-8B87-5A8247AF935F}"
EndProject
Project("{8BC9CEB8-8B4A-11D0-8D11-00A0C91BC942}") = "08.10", "08.10\08.10.vcxproj", "{0DF0985A-DB11-431E-B3B7-99100D229A40}"
EndProject
Project("{8BC9CEB8-8B4A-11D0-8D11-00A0C91BC942}") = "15.10", "15.10\15.10.vcxproj", "{2CD6583A-13E2-432C-B231-031BD7DB9F42}"
EndProject
Project("{8BC9CEB8-8B4A-11D0-8D11-00A0C91BC942}") = "21.10", "21.10\21.10.vcxproj", "{FC749948-BA73-4226-BA84-F355F56981F1}"
EndProject
Project("{8BC9CEB8-8B4A-11D0-8D11-00A0C91BC942}") = "28.10", "28.10\28.10.vcxproj", "{6375F064-3871-4204-91FE-1EA64A7932F6}"
EndProject
Project("{8BC9CEB8-8B4A-11D0-8D11-00A0C91BC942}") = "04.11", "04.11\04.11.vcxproj", "{D7193D2A-9430-4BE6-8C62-1C9F1A7AE012}"
EndProject
Project("{8BC9CEB8-8B4A-11D0-8D11-00A0C91BC942}") = "modul", "modul\modul.vcxproj", "{ADC96E63-D7E3-43CE-A9D0-ED57F6E7F27D}"
EndProject
Project("{8BC9CEB8-8B4A-11D0-8D11-00A0C91BC942}") = "05.11", "05.11\05.11.vcxproj", "{550874D8-2C59-41F7-A05C-53CAA982B5F2}"
EndProject
Project("{8BC9CEB8-8B4A-11D0-8D11-00A0C91BC942}") = "11.11", "11.11\11.11.vcxproj", "{DFB6DB58-0883-4A7D-A389-59B15F7B96C6}"
EndProject
Project("{8BC9CEB8-8B4A-11D0-8D11-00A0C91BC942}") = "labka4", "labka4\labka4.vcxproj", "{16DCCBF2-D710-4B78-B27A-488C7361A705}"
EndProject
Project("{8BC9CEB8-8B4A-11D0-8D11-00A0C91BC942}") = "labka5", "labka5\labka5.vcxproj", "{CFFF5464-8992-48DC-9C84-308236067D9C}"
EndProject
Project("{8BC9CEB8-8B4A-11D0-8D11-00A0C91BC942}") = "18.11", "18.11\18.11.vcxproj", "{2476850B-CF66-4D47-B56C-90C5C2A20AB6}"
EndProject
Project("{8BC9CEB8-8B4A-11D0-8D11-00A0C91BC942}") = "labka6", "labka6\labka6.vcxproj", "{4FBA15C3-E0F2-4E40-B9BA-4D904E60071D}"
EndProject
Project("{8BC9CEB8-8B4A-11D0-8D11-00A0C91BC942}") = "19.11", "19.11\19.11.vcxproj", "{108FC223-58F1-47D3-A675-12E9F193A867}"
EndProject
Project("{8BC9CEB8-8B4A-11D0-8D11-00A0C91BC942}") = "19.11(2)", "19.11(2)\19.11(2).vcxproj", "{DFDE5552-0BFE-4A6D-9A32-81F85C1E29FE}"
EndProject
Project("{8BC9CEB8-8B4A-11D0-8D11-00A0C91BC942}") = "01.21", "01.21\01.21.vcxproj", "{2CEDE06E-0E2A-4E8E-8D55-F53AAEE21392}"
EndProject
Project("{8BC9CEB8-8B4A-11D0-8D11-00A0C91BC942}") = "labka8", "labka8\labka8.vcxproj", "{06DA9323-4DFE-4D70-816F-D16F28822F7A}"
EndProject
Project("{8BC9CEB8-8B4A-11D0-8D11-00A0C91BC942}") = "labka9", "labka9\labka9.vcxproj", "{F36C5901-433E-459C-8FEF-43C53C6E6B03}"
EndProject
Project("{8BC9CEB8-8B4A-11D0-8D11-00A0C91BC942}") = "classwork1", "classwork1\classwork1.vcxproj", "{167A82D4-61E4-4A3E-937A-BFA0876A3576}"
EndProject
Project("{8BC9CEB8-8B4A-11D0-8D11-00A0C91BC942}") = "mod2labka4", "ConsoleApplication1\ConsoleApplication1.vcxproj", "{309028B6-500F-4826-A2CA-30BB432165E4}"
EndProject
Project("{8BC9CEB8-8B4A-11D0-8D11-00A0C91BC942}") = "mishasasat", "mishasasat\mishasasat.vcxproj", "{D1F57AB2-44FC-4836-A388-72CEEE1EED05}"
EndProject
Project("{8BC9CEB8-8B4A-11D0-8D11-00A0C91BC942}") = "mod2lab5", "mod2lab4\mod2lab4.vcxproj", "{1720EF0C-CBD2-4BE7-89B1-6744749E3729}"
EndProject
Project("{8BC9CEB8-8B4A-11D0-8D11-00A0C91BC942}") = "module2", "module2\module2.vcxproj", "{9598D1ED-5B9B-4D41-8E81-DB8AFED68C60}"
EndProject
Project("{8BC9CEB8-8B4A-11D0-8D11-00A0C91BC942}") = "mod2lab6", "mod2lab6\mod2lab6.vcxproj", "{479D77AE-128A-4EA3-ADB6-0C8B167C98B9}"
EndProject
Project("{8BC9CEB8-8B4A-11D0-8D11-00A0C91BC942}") = "mod2lab7", "mod2lab7\mod2lab7.vcxproj", "{F795DA2F-DB7C-4F63-B7B1-BFBC5E0E076D}"
EndProject
Project("{8BC9CEB8-8B4A-11D0-8D11-00A0C91BC942}") = "2kurs1sem1lab-OOP", "2kurs1sem1lab-OOP\2kurs1sem1lab-OOP.vcxproj", "{994A4013-F4F8-41AC-BF15-FCA99EA6C4E6}"
EndProject
Project("{8BC9CEB8-8B4A-11D0-8D11-00A0C91BC942}") = "2kurs1sem1lab-BD", "2kurs1sem1lab-BD\2kurs1sem1lab-BD.vcxproj", "{96E74584-53F3-4B35-8CD1-66514193B0CE}"
EndProject
Project("{8BC9CEB8-8B4A-11D0-8D11-00A0C91BC942}") = "2kurs1sem1lab_algor", "2kurs1sem1lab_algor\2kurs1sem1lab_algor.vcxproj", "{E0F66840-5D48-430E-9721-88AAA1268990}"
EndProject
Project("{8BC9CEB8-8B4A-11D0-8D11-00A0C91BC942}") = "OOP_modul1", "OOP_modul1\OOP_modul1.vcxproj", "{2DB8EB67-84A4-46A8-9C21-2C20D0931BDC}"
EndProject
Project("{8BC9CEB8-8B4A-11D0-8D11-00A0C91BC942}") = "OOP_modul1_2", "OOP_modul1_2\OOP_modul1_2.vcxproj", "{84441884-C228-4668-8663-0E2FB15E972C}"
EndProject
Project("{8BC9CEB8-8B4A-11D0-8D11-00A0C91BC942}") = "OOP_modul1_3", "OOP_modul1_3\OOP_modul1_3.vcxproj", "{C6D8023E-E49C-44F4-AB1C-DCFC3C2F2A33}"
EndProject
Project("{8BC9CEB8-8B4A-11D0-8D11-00A0C91BC942}") = "mishablyat", "mishablyat\mishablyat.vcxproj", "{DB219E0F-DA29-4940-BA26-B234B7860FB1}"
EndProject
Project("{8BC9CEB8-8B4A-11D0-8D11-00A0C91BC942}") = "2kurs1sem2lab-algor", "2kurs1sem2lab-algor\2kurs1sem2lab-algor.vcxproj", "{00780D24-70AA-4260-BEFB-90C8413B4578}"
EndProject
Project("{8BC9CEB8-8B4A-11D0-8D11-00A0C91BC942}") = "anon", "antonsuka\antonsuka.vcxproj", "{7D8CCBBB-C714-41D4-97A4-202FD15DA85D}"
EndProject
Project("{8BC9CEB8-8B4A-11D0-8D11-00A0C91BC942}") = "2kurs1sem3lab-algor", "2kurs1sem3lab-algor\2kurs1sem3lab-algor.vcxproj", "{1C8C4F88-44AB-4808-B5FB-16BC8D3F40E6}"
EndProject
Project("{8BC9CEB8-8B4A-11D0-8D11-00A0C91BC942}") = "2kurs1sem4lab-algor", "2kurs1sem4lab-algor\2kurs1sem4lab-algor.vcxproj", "{3C560350-2C28-4872-A90D-3EAADC368F0C}"
EndProject
Project("{8BC9CEB8-8B4A-11D0-8D11-00A0C91BC942}") = "2kurs1sem5lab_algor", "2kurs1sem5lab_algor\2kurs1sem5lab_algor.vcxproj", "{0669BCD5-7490-4BF2-9BED-7B69FE0D25DA}"
EndProject
Project("{8BC9CEB8-8B4A-11D0-8D11-00A0C91BC942}") = "2kurs1sem6lab_algor", "2kurs1sem6lab_algor\2kurs1sem6lab_algor.vcxproj", "{D32367CF-8110-42C4-AA78-BF68BFC52B5C}"
EndProject
Project("{8BC9CEB8-8B4A-11D0-8D11-00A0C91BC942}") = "2kurs1sem8lab_algor", "2kurs1sem8lab_algor\2kurs1sem8lab_algor.vcxproj", "{7219A24E-CA38-4067-A8B2-A36B0CBC835D}"
EndProject
Project("{8BC9CEB8-8B4A-11D0-8D11-00A0C91BC942}") = "2kurs1semlab7_algor", "2kurs1semlab7_algor\2kurs1semlab7_algor.vcxproj", "{441CD7A8-C71A-4E59-AC89-927D746180CC}"
EndProject
Project("{8BC9CEB8-8B4A-11D0-8D11-00A0C91BC942}") = "2kurs2sem1lab_algor", "2kurs2sem1lab_algor\2kurs2sem1lab_algor.vcxproj", "{603E159B-DE65-4F55-8818-5B741B37C426}"
EndProject
Project("{8BC9CEB8-8B4A-11D0-8D11-00A0C91BC942}") = "2kurs2sem1lab_oop", "2kurs2sem1lab_oop\2kurs2sem1lab_oop.vcxproj", "{145079F9-B2B9-4190-BEB2-20B00BBBCB94}"
EndProject
Project("{8BC9CEB8-8B4A-11D0-8D11-00A0C91BC942}") = "test", "test\test.vcxproj", "{C1193A12-F5B5-4147-AA31-F7A13B701AFE}"
EndProject
Project("{8BC9CEB8-8B4A-11D0-8D11-00A0C91BC942}") = "testc", "testc\testc.vcxproj", "{00607E00-E64E-4C91-AFB1-FEADF204A3E9}"
EndProject
Project("{8BC9CEB8-8B4A-11D0-8D11-00A0C91BC942}") = "teste", "teste\teste.vcxproj", "{F2F924AB-8929-4745-AFB5-6FC8E7404385}"
EndProject
Project("{8BC9CEB8-8B4A-11D0-8D11-00A0C91BC942}") = "testf", "testf\testf.vcxproj", "{2E77F1A9-694A-4108-AD5F-6510A92E300C}"
EndProject
Project("{8BC9CEB8-8B4A-11D0-8D11-00A0C91BC942}") = "testd", "testd\testd.vcxproj", "{31FCD08A-BA37-4066-9528-423B153906A2}"
EndProject
Project("{8BC9CEB8-8B4A-11D0-8D11-00A0C91BC942}") = "2kurs2sem2lab_algor", "2kurs2sem2lab_algor\2kurs2sem2lab_algor.vcxproj", "{20466D94-DABA-47A1-9741-9F4DF2CCDF75}"
EndProject
Project("{8BC9CEB8-8B4A-11D0-8D11-00A0C91BC942}") = "2kurs2sem3lab_algor", "2kurs2sem3lab_algor\2kurs2sem3lab_algor.vcxproj", "{950D6CD4-2476-4157-9C21-339482653BCA}"
EndProject
Project("{8BC9CEB8-8B4A-11D0-8D11-00A0C91BC942}") = "2kurs2sem6lab_algor", "2kurs2sem6lab_algor\2kurs2sem6lab_algor.vcxproj", "{CCEDCAD4-68BF-493B-B917-C1BFBE8F4AE3}"
EndProject
Project("{8BC9CEB8-8B4A-11D0-8D11-00A0C91BC942}") = "2kurs2sem2lab_oop", "2kurs2sem2lab_oop\2kurs2sem2lab_oop.vcxproj", "{D143C091-6DE5-4570-9D6A-377E7C442107}"
EndProject
Global
	GlobalSection(SolutionConfigurationPlatforms) = preSolution
		Debug|x64 = Debug|x64
		Debug|x86 = Debug|x86
		Release|x64 = Release|x64
		Release|x86 = Release|x86
	EndGlobalSection
	GlobalSection(ProjectConfigurationPlatforms) = postSolution
		{7F510E6C-E86C-4E7B-ABF6-E8F65DE97959}.Debug|x64.ActiveCfg = Debug|x64
		{7F510E6C-E86C-4E7B-ABF6-E8F65DE97959}.Debug|x64.Build.0 = Debug|x64
		{7F510E6C-E86C-4E7B-ABF6-E8F65DE97959}.Debug|x86.ActiveCfg = Debug|Win32
		{7F510E6C-E86C-4E7B-ABF6-E8F65DE97959}.Debug|x86.Build.0 = Debug|Win32
		{7F510E6C-E86C-4E7B-ABF6-E8F65DE97959}.Release|x64.ActiveCfg = Release|x64
		{7F510E6C-E86C-4E7B-ABF6-E8F65DE97959}.Release|x64.Build.0 = Release|x64
		{7F510E6C-E86C-4E7B-ABF6-E8F65DE97959}.Release|x86.ActiveCfg = Release|Win32
		{7F510E6C-E86C-4E7B-ABF6-E8F65DE97959}.Release|x86.Build.0 = Release|Win32
		{BC055B4A-1AD1-4D5C-856A-0EF07B3888B9}.Debug|x64.ActiveCfg = Debug|x64
		{BC055B4A-1AD1-4D5C-856A-0EF07B3888B9}.Debug|x64.Build.0 = Debug|x64
		{BC055B4A-1AD1-4D5C-856A-0EF07B3888B9}.Debug|x86.ActiveCfg = Debug|Win32
		{BC055B4A-1AD1-4D5C-856A-0EF07B3888B9}.Debug|x86.Build.0 = Debug|Win32
		{BC055B4A-1AD1-4D5C-856A-0EF07B3888B9}.Release|x64.ActiveCfg = Release|x64
		{BC055B4A-1AD1-4D5C-856A-0EF07B3888B9}.Release|x64.Build.0 = Release|x64
		{BC055B4A-1AD1-4D5C-856A-0EF07B3888B9}.Release|x86.ActiveCfg = Release|Win32
		{BC055B4A-1AD1-4D5C-856A-0EF07B3888B9}.Release|x86.Build.0 = Release|Win32
		{76EDCE8E-6B68-4F2B-802C-CE8CF035D686}.Debug|x64.ActiveCfg = Debug|x64
		{76EDCE8E-6B68-4F2B-802C-CE8CF035D686}.Debug|x64.Build.0 = Debug|x64
		{76EDCE8E-6B68-4F2B-802C-CE8CF035D686}.Debug|x86.ActiveCfg = Debug|Win32
		{76EDCE8E-6B68-4F2B-802C-CE8CF035D686}.Debug|x86.Build.0 = Debug|Win32
		{76EDCE8E-6B68-4F2B-802C-CE8CF035D686}.Release|x64.ActiveCfg = Release|x64
		{76EDCE8E-6B68-4F2B-802C-CE8CF035D686}.Release|x64.Build.0 = Release|x64
		{76EDCE8E-6B68-4F2B-802C-CE8CF035D686}.Release|x86.ActiveCfg = Release|Win32
		{76EDCE8E-6B68-4F2B-802C-CE8CF035D686}.Release|x86.Build.0 = Release|Win32
		{70203C0F-998A-4936-8E5E-913F05B29EE5}.Debug|x64.ActiveCfg = Debug|x64
		{70203C0F-998A-4936-8E5E-913F05B29EE5}.Debug|x64.Build.0 = Debug|x64
		{70203C0F-998A-4936-8E5E-913F05B29EE5}.Debug|x86.ActiveCfg = Debug|Win32
		{70203C0F-998A-4936-8E5E-913F05B29EE5}.Debug|x86.Build.0 = Debug|Win32
		{70203C0F-998A-4936-8E5E-913F05B29EE5}.Release|x64.ActiveCfg = Release|x64
		{70203C0F-998A-4936-8E5E-913F05B29EE5}.Release|x64.Build.0 = Release|x64
		{70203C0F-998A-4936-8E5E-913F05B29EE5}.Release|x86.ActiveCfg = Release|Win32
		{70203C0F-998A-4936-8E5E-913F05B29EE5}.Release|x86.Build.0 = Release|Win32
		{6CEDAE13-FF94-402F-A9D5-8E3304775956}.Debug|x64.ActiveCfg = Debug|x64
		{6CEDAE13-FF94-402F-A9D5-8E3304775956}.Debug|x64.Build.0 = Debug|x64
		{6CEDAE13-FF94-402F-A9D5-8E3304775956}.Debug|x86.ActiveCfg = Debug|Win32
		{6CEDAE13-FF94-402F-A9D5-8E3304775956}.Debug|x86.Build.0 = Debug|Win32
		{6CEDAE13-FF94-402F-A9D5-8E3304775956}.Release|x64.ActiveCfg = Release|x64
		{6CEDAE13-FF94-402F-A9D5-8E3304775956}.Release|x64.Build.0 = Release|x64
		{6CEDAE13-FF94-402F-A9D5-8E3304775956}.Release|x86.ActiveCfg = Release|Win32
		{6CEDAE13-FF94-402F-A9D5-8E3304775956}.Release|x86.Build.0 = Release|Win32
		{67EA14BB-2C5C-4401-AAFD-7985FDB7058E}.Debug|x64.ActiveCfg = Debug|x64
		{67EA14BB-2C5C-4401-AAFD-7985FDB7058E}.Debug|x64.Build.0 = Debug|x64
		{67EA14BB-2C5C-4401-AAFD-7985FDB7058E}.Debug|x86.ActiveCfg = Debug|Win32
		{67EA14BB-2C5C-4401-AAFD-7985FDB7058E}.Debug|x86.Build.0 = Debug|Win32
		{67EA14BB-2C5C-4401-AAFD-7985FDB7058E}.Release|x64.ActiveCfg = Release|x64
		{67EA14BB-2C5C-4401-AAFD-7985FDB7058E}.Release|x64.Build.0 = Release|x64
		{67EA14BB-2C5C-4401-AAFD-7985FDB7058E}.Release|x86.ActiveCfg = Release|Win32
		{67EA14BB-2C5C-4401-AAFD-7985FDB7058E}.Release|x86.Build.0 = Release|Win32
		{E59F5221-DD9B-4FCC-A922-3DFFF8FF9AA5}.Debug|x64.ActiveCfg = Debug|x64
		{E59F5221-DD9B-4FCC-A922-3DFFF8FF9AA5}.Debug|x64.Build.0 = Debug|x64
		{E59F5221-DD9B-4FCC-A922-3DFFF8FF9AA5}.Debug|x86.ActiveCfg = Debug|Win32
		{E59F5221-DD9B-4FCC-A922-3DFFF8FF9AA5}.Debug|x86.Build.0 = Debug|Win32
		{E59F5221-DD9B-4FCC-A922-3DFFF8FF9AA5}.Release|x64.ActiveCfg = Release|x64
		{E59F5221-DD9B-4FCC-A922-3DFFF8FF9AA5}.Release|x64.Build.0 = Release|x64
		{E59F5221-DD9B-4FCC-A922-3DFFF8FF9AA5}.Release|x86.ActiveCfg = Release|Win32
		{E59F5221-DD9B-4FCC-A922-3DFFF8FF9AA5}.Release|x86.Build.0 = Release|Win32
		{21D1EBE9-9870-4F97-B50D-8EA49D15D054}.Debug|x64.ActiveCfg = Debug|x64
		{21D1EBE9-9870-4F97-B50D-8EA49D15D054}.Debug|x64.Build.0 = Debug|x64
		{21D1EBE9-9870-4F97-B50D-8EA49D15D054}.Debug|x86.ActiveCfg = Debug|Win32
		{21D1EBE9-9870-4F97-B50D-8EA49D15D054}.Debug|x86.Build.0 = Debug|Win32
		{21D1EBE9-9870-4F97-B50D-8EA49D15D054}.Release|x64.ActiveCfg = Release|x64
		{21D1EBE9-9870-4F97-B50D-8EA49D15D054}.Release|x64.Build.0 = Release|x64
		{21D1EBE9-9870-4F97-B50D-8EA49D15D054}.Release|x86.ActiveCfg = Release|Win32
		{21D1EBE9-9870-4F97-B50D-8EA49D15D054}.Release|x86.Build.0 = Release|Win32
		{A2CF34C4-EB83-4A6C-8B87-5A8247AF935F}.Debug|x64.ActiveCfg = Debug|x64
		{A2CF34C4-EB83-4A6C-8B87-5A8247AF935F}.Debug|x64.Build.0 = Debug|x64
		{A2CF34C4-EB83-4A6C-8B87-5A8247AF935F}.Debug|x86.ActiveCfg = Debug|Win32
		{A2CF34C4-EB83-4A6C-8B87-5A8247AF935F}.Debug|x86.Build.0 = Debug|Win32
		{A2CF34C4-EB83-4A6C-8B87-5A8247AF935F}.Release|x64.ActiveCfg = Release|x64
		{A2CF34C4-EB83-4A6C-8B87-5A8247AF935F}.Release|x64.Build.0 = Release|x64
		{A2CF34C4-EB83-4A6C-8B87-5A8247AF935F}.Release|x86.ActiveCfg = Release|Win32
		{A2CF34C4-EB83-4A6C-8B87-5A8247AF935F}.Release|x86.Build.0 = Release|Win32
		{0DF0985A-DB11-431E-B3B7-99100D229A40}.Debug|x64.ActiveCfg = Debug|x64
		{0DF0985A-DB11-431E-B3B7-99100D229A40}.Debug|x64.Build.0 = Debug|x64
		{0DF0985A-DB11-431E-B3B7-99100D229A40}.Debug|x86.ActiveCfg = Debug|Win32
		{0DF0985A-DB11-431E-B3B7-99100D229A40}.Debug|x86.Build.0 = Debug|Win32
		{0DF0985A-DB11-431E-B3B7-99100D229A40}.Release|x64.ActiveCfg = Release|x64
		{0DF0985A-DB11-431E-B3B7-99100D229A40}.Release|x64.Build.0 = Release|x64
		{0DF0985A-DB11-431E-B3B7-99100D229A40}.Release|x86.ActiveCfg = Release|Win32
		{0DF0985A-DB11-431E-B3B7-99100D229A40}.Release|x86.Build.0 = Release|Win32
		{2CD6583A-13E2-432C-B231-031BD7DB9F42}.Debug|x64.ActiveCfg = Debug|x64
		{2CD6583A-13E2-432C-B231-031BD7DB9F42}.Debug|x64.Build.0 = Debug|x64
		{2CD6583A-13E2-432C-B231-031BD7DB9F42}.Debug|x86.ActiveCfg = Debug|Win32
		{2CD6583A-13E2-432C-B231-031BD7DB9F42}.Debug|x86.Build.0 = Debug|Win32
		{2CD6583A-13E2-432C-B231-031BD7DB9F42}.Release|x64.ActiveCfg = Release|x64
		{2CD6583A-13E2-432C-B231-031BD7DB9F42}.Release|x64.Build.0 = Release|x64
		{2CD6583A-13E2-432C-B231-031BD7DB9F42}.Release|x86.ActiveCfg = Release|Win32
		{2CD6583A-13E2-432C-B231-031BD7DB9F42}.Release|x86.Build.0 = Release|Win32
		{FC749948-BA73-4226-BA84-F355F56981F1}.Debug|x64.ActiveCfg = Debug|x64
		{FC749948-BA73-4226-BA84-F355F56981F1}.Debug|x64.Build.0 = Debug|x64
		{FC749948-BA73-4226-BA84-F355F56981F1}.Debug|x86.ActiveCfg = Debug|Win32
		{FC749948-BA73-4226-BA84-F355F56981F1}.Debug|x86.Build.0 = Debug|Win32
		{FC749948-BA73-4226-BA84-F355F56981F1}.Release|x64.ActiveCfg = Release|x64
		{FC749948-BA73-4226-BA84-F355F56981F1}.Release|x64.Build.0 = Release|x64
		{FC749948-BA73-4226-BA84-F355F56981F1}.Release|x86.ActiveCfg = Release|Win32
		{FC749948-BA73-4226-BA84-F355F56981F1}.Release|x86.Build.0 = Release|Win32
		{6375F064-3871-4204-91FE-1EA64A7932F6}.Debug|x64.ActiveCfg = Debug|x64
		{6375F064-3871-4204-91FE-1EA64A7932F6}.Debug|x64.Build.0 = Debug|x64
		{6375F064-3871-4204-91FE-1EA64A7932F6}.Debug|x86.ActiveCfg = Debug|Win32
		{6375F064-3871-4204-91FE-1EA64A7932F6}.Debug|x86.Build.0 = Debug|Win32
		{6375F064-3871-4204-91FE-1EA64A7932F6}.Release|x64.ActiveCfg = Release|x64
		{6375F064-3871-4204-91FE-1EA64A7932F6}.Release|x64.Build.0 = Release|x64
		{6375F064-3871-4204-91FE-1EA64A7932F6}.Release|x86.ActiveCfg = Release|Win32
		{6375F064-3871-4204-91FE-1EA64A7932F6}.Release|x86.Build.0 = Release|Win32
		{D7193D2A-9430-4BE6-8C62-1C9F1A7AE012}.Debug|x64.ActiveCfg = Debug|x64
		{D7193D2A-9430-4BE6-8C62-1C9F1A7AE012}.Debug|x64.Build.0 = Debug|x64
		{D7193D2A-9430-4BE6-8C62-1C9F1A7AE012}.Debug|x86.ActiveCfg = Debug|Win32
		{D7193D2A-9430-4BE6-8C62-1C9F1A7AE012}.Debug|x86.Build.0 = Debug|Win32
		{D7193D2A-9430-4BE6-8C62-1C9F1A7AE012}.Release|x64.ActiveCfg = Release|x64
		{D7193D2A-9430-4BE6-8C62-1C9F1A7AE012}.Release|x64.Build.0 = Release|x64
		{D7193D2A-9430-4BE6-8C62-1C9F1A7AE012}.Release|x86.ActiveCfg = Release|Win32
		{D7193D2A-9430-4BE6-8C62-1C9F1A7AE012}.Release|x86.Build.0 = Release|Win32
		{ADC96E63-D7E3-43CE-A9D0-ED57F6E7F27D}.Debug|x64.ActiveCfg = Debug|x64
		{ADC96E63-D7E3-43CE-A9D0-ED57F6E7F27D}.Debug|x64.Build.0 = Debug|x64
		{ADC96E63-D7E3-43CE-A9D0-ED57F6E7F27D}.Debug|x86.ActiveCfg = Debug|Win32
		{ADC96E63-D7E3-43CE-A9D0-ED57F6E7F27D}.Debug|x86.Build.0 = Debug|Win32
		{ADC96E63-D7E3-43CE-A9D0-ED57F6E7F27D}.Release|x64.ActiveCfg = Release|x64
		{ADC96E63-D7E3-43CE-A9D0-ED57F6E7F27D}.Release|x64.Build.0 = Release|x64
		{ADC96E63-D7E3-43CE-A9D0-ED57F6E7F27D}.Release|x86.ActiveCfg = Release|Win32
		{ADC96E63-D7E3-43CE-A9D0-ED57F6E7F27D}.Release|x86.Build.0 = Release|Win32
		{550874D8-2C59-41F7-A05C-53CAA982B5F2}.Debug|x64.ActiveCfg = Debug|x64
		{550874D8-2C59-41F7-A05C-53CAA982B5F2}.Debug|x64.Build.0 = Debug|x64
		{550874D8-2C59-41F7-A05C-53CAA982B5F2}.Debug|x86.ActiveCfg = Debug|Win32
		{550874D8-2C59-41F7-A05C-53CAA982B5F2}.Debug|x86.Build.0 = Debug|Win32
		{550874D8-2C59-41F7-A05C-53CAA982B5F2}.Release|x64.ActiveCfg = Release|x64
		{550874D8-2C59-41F7-A05C-53CAA982B5F2}.Release|x64.Build.0 = Release|x64
		{550874D8-2C59-41F7-A05C-53CAA982B5F2}.Release|x86.ActiveCfg = Release|Win32
		{550874D8-2C59-41F7-A05C-53CAA982B5F2}.Release|x86.Build.0 = Release|Win32
		{DFB6DB58-0883-4A7D-A389-59B15F7B96C6}.Debug|x64.ActiveCfg = Debug|x64
		{DFB6DB58-0883-4A7D-A389-59B15F7B96C6}.Debug|x64.Build.0 = Debug|x64
		{DFB6DB58-0883-4A7D-A389-59B15F7B96C6}.Debug|x86.ActiveCfg = Debug|Win32
		{DFB6DB58-0883-4A7D-A389-59B15F7B96C6}.Debug|x86.Build.0 = Debug|Win32
		{DFB6DB58-0883-4A7D-A389-59B15F7B96C6}.Release|x64.ActiveCfg = Release|x64
		{DFB6DB58-0883-4A7D-A389-59B15F7B96C6}.Release|x64.Build.0 = Release|x64
		{DFB6DB58-0883-4A7D-A389-59B15F7B96C6}.Release|x86.ActiveCfg = Release|Win32
		{DFB6DB58-0883-4A7D-A389-59B15F7B96C6}.Release|x86.Build.0 = Release|Win32
		{16DCCBF2-D710-4B78-B27A-488C7361A705}.Debug|x64.ActiveCfg = Debug|x64
		{16DCCBF2-D710-4B78-B27A-488C7361A705}.Debug|x64.Build.0 = Debug|x64
		{16DCCBF2-D710-4B78-B27A-488C7361A705}.Debug|x86.ActiveCfg = Debug|Win32
		{16DCCBF2-D710-4B78-B27A-488C7361A705}.Debug|x86.Build.0 = Debug|Win32
		{16DCCBF2-D710-4B78-B27A-488C7361A705}.Release|x64.ActiveCfg = Release|x64
		{16DCCBF2-D710-4B78-B27A-488C7361A705}.Release|x64.Build.0 = Release|x64
		{16DCCBF2-D710-4B78-B27A-488C7361A705}.Release|x86.ActiveCfg = Release|Win32
		{16DCCBF2-D710-4B78-B27A-488C7361A705}.Release|x86.Build.0 = Release|Win32
		{CFFF5464-8992-48DC-9C84-308236067D9C}.Debug|x64.ActiveCfg = Debug|x64
		{CFFF5464-8992-48DC-9C84-308236067D9C}.Debug|x64.Build.0 = Debug|x64
		{CFFF5464-8992-48DC-9C84-308236067D9C}.Debug|x86.ActiveCfg = Debug|Win32
		{CFFF5464-8992-48DC-9C84-308236067D9C}.Debug|x86.Build.0 = Debug|Win32
		{CFFF5464-8992-48DC-9C84-308236067D9C}.Release|x64.ActiveCfg = Release|x64
		{CFFF5464-8992-48DC-9C84-308236067D9C}.Release|x64.Build.0 = Release|x64
		{CFFF5464-8992-48DC-9C84-308236067D9C}.Release|x86.ActiveCfg = Release|Win32
		{CFFF5464-8992-48DC-9C84-308236067D9C}.Release|x86.Build.0 = Release|Win32
		{2476850B-CF66-4D47-B56C-90C5C2A20AB6}.Debug|x64.ActiveCfg = Debug|x64
		{2476850B-CF66-4D47-B56C-90C5C2A20AB6}.Debug|x64.Build.0 = Debug|x64
		{2476850B-CF66-4D47-B56C-90C5C2A20AB6}.Debug|x86.ActiveCfg = Debug|Win32
		{2476850B-CF66-4D47-B56C-90C5C2A20AB6}.Debug|x86.Build.0 = Debug|Win32
		{2476850B-CF66-4D47-B56C-90C5C2A20AB6}.Release|x64.ActiveCfg = Release|x64
		{2476850B-CF66-4D47-B56C-90C5C2A20AB6}.Release|x64.Build.0 = Release|x64
		{2476850B-CF66-4D47-B56C-90C5C2A20AB6}.Release|x86.ActiveCfg = Release|Win32
		{2476850B-CF66-4D47-B56C-90C5C2A20AB6}.Release|x86.Build.0 = Release|Win32
		{4FBA15C3-E0F2-4E40-B9BA-4D904E60071D}.Debug|x64.ActiveCfg = Debug|x64
		{4FBA15C3-E0F2-4E40-B9BA-4D904E60071D}.Debug|x64.Build.0 = Debug|x64
		{4FBA15C3-E0F2-4E40-B9BA-4D904E60071D}.Debug|x86.ActiveCfg = Debug|Win32
		{4FBA15C3-E0F2-4E40-B9BA-4D904E60071D}.Debug|x86.Build.0 = Debug|Win32
		{4FBA15C3-E0F2-4E40-B9BA-4D904E60071D}.Release|x64.ActiveCfg = Release|x64
		{4FBA15C3-E0F2-4E40-B9BA-4D904E60071D}.Release|x64.Build.0 = Release|x64
		{4FBA15C3-E0F2-4E40-B9BA-4D904E60071D}.Release|x86.ActiveCfg = Release|Win32
		{4FBA15C3-E0F2-4E40-B9BA-4D904E60071D}.Release|x86.Build.0 = Release|Win32
		{108FC223-58F1-47D3-A675-12E9F193A867}.Debug|x64.ActiveCfg = Debug|x64
		{108FC223-58F1-47D3-A675-12E9F193A867}.Debug|x64.Build.0 = Debug|x64
		{108FC223-58F1-47D3-A675-12E9F193A867}.Debug|x86.ActiveCfg = Debug|Win32
		{108FC223-58F1-47D3-A675-12E9F193A867}.Debug|x86.Build.0 = Debug|Win32
		{108FC223-58F1-47D3-A675-12E9F193A867}.Release|x64.ActiveCfg = Release|x64
		{108FC223-58F1-47D3-A675-12E9F193A867}.Release|x64.Build.0 = Release|x64
		{108FC223-58F1-47D3-A675-12E9F193A867}.Release|x86.ActiveCfg = Release|Win32
		{108FC223-58F1-47D3-A675-12E9F193A867}.Release|x86.Build.0 = Release|Win32
		{DFDE5552-0BFE-4A6D-9A32-81F85C1E29FE}.Debug|x64.ActiveCfg = Debug|x64
		{DFDE5552-0BFE-4A6D-9A32-81F85C1E29FE}.Debug|x64.Build.0 = Debug|x64
		{DFDE5552-0BFE-4A6D-9A32-81F85C1E29FE}.Debug|x86.ActiveCfg = Debug|Win32
		{DFDE5552-0BFE-4A6D-9A32-81F85C1E29FE}.Debug|x86.Build.0 = Debug|Win32
		{DFDE5552-0BFE-4A6D-9A32-81F85C1E29FE}.Release|x64.ActiveCfg = Release|x64
		{DFDE5552-0BFE-4A6D-9A32-81F85C1E29FE}.Release|x64.Build.0 = Release|x64
		{DFDE5552-0BFE-4A6D-9A32-81F85C1E29FE}.Release|x86.ActiveCfg = Release|Win32
		{DFDE5552-0BFE-4A6D-9A32-81F85C1E29FE}.Release|x86.Build.0 = Release|Win32
		{2CEDE06E-0E2A-4E8E-8D55-F53AAEE21392}.Debug|x64.ActiveCfg = Debug|x64
		{2CEDE06E-0E2A-4E8E-8D55-F53AAEE21392}.Debug|x64.Build.0 = Debug|x64
		{2CEDE06E-0E2A-4E8E-8D55-F53AAEE21392}.Debug|x86.ActiveCfg = Debug|Win32
		{2CEDE06E-0E2A-4E8E-8D55-F53AAEE21392}.Debug|x86.Build.0 = Debug|Win32
		{2CEDE06E-0E2A-4E8E-8D55-F53AAEE21392}.Release|x64.ActiveCfg = Release|x64
		{2CEDE06E-0E2A-4E8E-8D55-F53AAEE21392}.Release|x64.Build.0 = Release|x64
		{2CEDE06E-0E2A-4E8E-8D55-F53AAEE21392}.Release|x86.ActiveCfg = Release|Win32
		{2CEDE06E-0E2A-4E8E-8D55-F53AAEE21392}.Release|x86.Build.0 = Release|Win32
		{06DA9323-4DFE-4D70-816F-D16F28822F7A}.Debug|x64.ActiveCfg = Debug|x64
		{06DA9323-4DFE-4D70-816F-D16F28822F7A}.Debug|x64.Build.0 = Debug|x64
		{06DA9323-4DFE-4D70-816F-D16F28822F7A}.Debug|x86.ActiveCfg = Debug|Win32
		{06DA9323-4DFE-4D70-816F-D16F28822F7A}.Debug|x86.Build.0 = Debug|Win32
		{06DA9323-4DFE-4D70-816F-D16F28822F7A}.Release|x64.ActiveCfg = Release|x64
		{06DA9323-4DFE-4D70-816F-D16F28822F7A}.Release|x64.Build.0 = Release|x64
		{06DA9323-4DFE-4D70-816F-D16F28822F7A}.Release|x86.ActiveCfg = Release|Win32
		{06DA9323-4DFE-4D70-816F-D16F28822F7A}.Release|x86.Build.0 = Release|Win32
		{F36C5901-433E-459C-8FEF-43C53C6E6B03}.Debug|x64.ActiveCfg = Debug|x64
		{F36C5901-433E-459C-8FEF-43C53C6E6B03}.Debug|x64.Build.0 = Debug|x64
		{F36C5901-433E-459C-8FEF-43C53C6E6B03}.Debug|x86.ActiveCfg = Debug|Win32
		{F36C5901-433E-459C-8FEF-43C53C6E6B03}.Debug|x86.Build.0 = Debug|Win32
		{F36C5901-433E-459C-8FEF-43C53C6E6B03}.Release|x64.ActiveCfg = Release|x64
		{F36C5901-433E-459C-8FEF-43C53C6E6B03}.Release|x64.Build.0 = Release|x64
		{F36C5901-433E-459C-8FEF-43C53C6E6B03}.Release|x86.ActiveCfg = Release|Win32
		{F36C5901-433E-459C-8FEF-43C53C6E6B03}.Release|x86.Build.0 = Release|Win32
		{167A82D4-61E4-4A3E-937A-BFA0876A3576}.Debug|x64.ActiveCfg = Debug|x64
		{167A82D4-61E4-4A3E-937A-BFA0876A3576}.Debug|x64.Build.0 = Debug|x64
		{167A82D4-61E4-4A3E-937A-BFA0876A3576}.Debug|x86.ActiveCfg = Debug|Win32
		{167A82D4-61E4-4A3E-937A-BFA0876A3576}.Debug|x86.Build.0 = Debug|Win32
		{167A82D4-61E4-4A3E-937A-BFA0876A3576}.Release|x64.ActiveCfg = Release|x64
		{167A82D4-61E4-4A3E-937A-BFA0876A3576}.Release|x64.Build.0 = Release|x64
		{167A82D4-61E4-4A3E-937A-BFA0876A3576}.Release|x86.ActiveCfg = Release|Win32
		{167A82D4-61E4-4A3E-937A-BFA0876A3576}.Release|x86.Build.0 = Release|Win32
		{309028B6-500F-4826-A2CA-30BB432165E4}.Debug|x64.ActiveCfg = Debug|x64
		{309028B6-500F-4826-A2CA-30BB432165E4}.Debug|x64.Build.0 = Debug|x64
		{309028B6-500F-4826-A2CA-30BB432165E4}.Debug|x86.ActiveCfg = Debug|Win32
		{309028B6-500F-4826-A2CA-30BB432165E4}.Debug|x86.Build.0 = Debug|Win32
		{309028B6-500F-4826-A2CA-30BB432165E4}.Release|x64.ActiveCfg = Release|x64
		{309028B6-500F-4826-A2CA-30BB432165E4}.Release|x64.Build.0 = Release|x64
		{309028B6-500F-4826-A2CA-30BB432165E4}.Release|x86.ActiveCfg = Release|Win32
		{309028B6-500F-4826-A2CA-30BB432165E4}.Release|x86.Build.0 = Release|Win32
		{D1F57AB2-44FC-4836-A388-72CEEE1EED05}.Debug|x64.ActiveCfg = Debug|x64
		{D1F57AB2-44FC-4836-A388-72CEEE1EED05}.Debug|x64.Build.0 = Debug|x64
		{D1F57AB2-44FC-4836-A388-72CEEE1EED05}.Debug|x86.ActiveCfg = Debug|Win32
		{D1F57AB2-44FC-4836-A388-72CEEE1EED05}.Debug|x86.Build.0 = Debug|Win32
		{D1F57AB2-44FC-4836-A388-72CEEE1EED05}.Release|x64.ActiveCfg = Release|x64
		{D1F57AB2-44FC-4836-A388-72CEEE1EED05}.Release|x64.Build.0 = Release|x64
		{D1F57AB2-44FC-4836-A388-72CEEE1EED05}.Release|x86.ActiveCfg = Release|Win32
		{D1F57AB2-44FC-4836-A388-72CEEE1EED05}.Release|x86.Build.0 = Release|Win32
		{1720EF0C-CBD2-4BE7-89B1-6744749E3729}.Debug|x64.ActiveCfg = Debug|x64
		{1720EF0C-CBD2-4BE7-89B1-6744749E3729}.Debug|x64.Build.0 = Debug|x64
		{1720EF0C-CBD2-4BE7-89B1-6744749E3729}.Debug|x86.ActiveCfg = Debug|Win32
		{1720EF0C-CBD2-4BE7-89B1-6744749E3729}.Debug|x86.Build.0 = Debug|Win32
		{1720EF0C-CBD2-4BE7-89B1-6744749E3729}.Release|x64.ActiveCfg = Release|x64
		{1720EF0C-CBD2-4BE7-89B1-6744749E3729}.Release|x64.Build.0 = Release|x64
		{1720EF0C-CBD2-4BE7-89B1-6744749E3729}.Release|x86.ActiveCfg = Release|Win32
		{1720EF0C-CBD2-4BE7-89B1-6744749E3729}.Release|x86.Build.0 = Release|Win32
		{9598D1ED-5B9B-4D41-8E81-DB8AFED68C60}.Debug|x64.ActiveCfg = Debug|x64
		{9598D1ED-5B9B-4D41-8E81-DB8AFED68C60}.Debug|x64.Build.0 = Debug|x64
		{9598D1ED-5B9B-4D41-8E81-DB8AFED68C60}.Debug|x86.ActiveCfg = Debug|Win32
		{9598D1ED-5B9B-4D41-8E81-DB8AFED68C60}.Debug|x86.Build.0 = Debug|Win32
		{9598D1ED-5B9B-4D41-8E81-DB8AFED68C60}.Release|x64.ActiveCfg = Release|x64
		{9598D1ED-5B9B-4D41-8E81-DB8AFED68C60}.Release|x64.Build.0 = Release|x64
		{9598D1ED-5B9B-4D41-8E81-DB8AFED68C60}.Release|x86.ActiveCfg = Release|Win32
		{9598D1ED-5B9B-4D41-8E81-DB8AFED68C60}.Release|x86.Build.0 = Release|Win32
		{479D77AE-128A-4EA3-ADB6-0C8B167C98B9}.Debug|x64.ActiveCfg = Debug|x64
		{479D77AE-128A-4EA3-ADB6-0C8B167C98B9}.Debug|x64.Build.0 = Debug|x64
		{479D77AE-128A-4EA3-ADB6-0C8B167C98B9}.Debug|x86.ActiveCfg = Debug|Win32
		{479D77AE-128A-4EA3-ADB6-0C8B167C98B9}.Debug|x86.Build.0 = Debug|Win32
		{479D77AE-128A-4EA3-ADB6-0C8B167C98B9}.Release|x64.ActiveCfg = Release|x64
		{479D77AE-128A-4EA3-ADB6-0C8B167C98B9}.Release|x64.Build.0 = Release|x64
		{479D77AE-128A-4EA3-ADB6-0C8B167C98B9}.Release|x86.ActiveCfg = Release|Win32
		{479D77AE-128A-4EA3-ADB6-0C8B167C98B9}.Release|x86.Build.0 = Release|Win32
		{F795DA2F-DB7C-4F63-B7B1-BFBC5E0E076D}.Debug|x64.ActiveCfg = Debug|x64
		{F795DA2F-DB7C-4F63-B7B1-BFBC5E0E076D}.Debug|x64.Build.0 = Debug|x64
		{F795DA2F-DB7C-4F63-B7B1-BFBC5E0E076D}.Debug|x86.ActiveCfg = Debug|Win32
		{F795DA2F-DB7C-4F63-B7B1-BFBC5E0E076D}.Debug|x86.Build.0 = Debug|Win32
		{F795DA2F-DB7C-4F63-B7B1-BFBC5E0E076D}.Release|x64.ActiveCfg = Release|x64
		{F795DA2F-DB7C-4F63-B7B1-BFBC5E0E076D}.Release|x64.Build.0 = Release|x64
		{F795DA2F-DB7C-4F63-B7B1-BFBC5E0E076D}.Release|x86.ActiveCfg = Release|Win32
		{F795DA2F-DB7C-4F63-B7B1-BFBC5E0E076D}.Release|x86.Build.0 = Release|Win32
		{994A4013-F4F8-41AC-BF15-FCA99EA6C4E6}.Debug|x64.ActiveCfg = Debug|x64
		{994A4013-F4F8-41AC-BF15-FCA99EA6C4E6}.Debug|x64.Build.0 = Debug|x64
		{994A4013-F4F8-41AC-BF15-FCA99EA6C4E6}.Debug|x86.ActiveCfg = Debug|Win32
		{994A4013-F4F8-41AC-BF15-FCA99EA6C4E6}.Debug|x86.Build.0 = Debug|Win32
		{994A4013-F4F8-41AC-BF15-FCA99EA6C4E6}.Release|x64.ActiveCfg = Release|x64
		{994A4013-F4F8-41AC-BF15-FCA99EA6C4E6}.Release|x64.Build.0 = Release|x64
		{994A4013-F4F8-41AC-BF15-FCA99EA6C4E6}.Release|x86.ActiveCfg = Release|Win32
		{994A4013-F4F8-41AC-BF15-FCA99EA6C4E6}.Release|x86.Build.0 = Release|Win32
		{96E74584-53F3-4B35-8CD1-66514193B0CE}.Debug|x64.ActiveCfg = Debug|x64
		{96E74584-53F3-4B35-8CD1-66514193B0CE}.Debug|x64.Build.0 = Debug|x64
		{96E74584-53F3-4B35-8CD1-66514193B0CE}.Debug|x86.ActiveCfg = Debug|Win32
		{96E74584-53F3-4B35-8CD1-66514193B0CE}.Debug|x86.Build.0 = Debug|Win32
		{96E74584-53F3-4B35-8CD1-66514193B0CE}.Release|x64.ActiveCfg = Release|x64
		{96E74584-53F3-4B35-8CD1-66514193B0CE}.Release|x64.Build.0 = Release|x64
		{96E74584-53F3-4B35-8CD1-66514193B0CE}.Release|x86.ActiveCfg = Release|Win32
		{96E74584-53F3-4B35-8CD1-66514193B0CE}.Release|x86.Build.0 = Release|Win32
		{E0F66840-5D48-430E-9721-88AAA1268990}.Debug|x64.ActiveCfg = Debug|x64
		{E0F66840-5D48-430E-9721-88AAA1268990}.Debug|x64.Build.0 = Debug|x64
		{E0F66840-5D48-430E-9721-88AAA1268990}.Debug|x86.ActiveCfg = Debug|Win32
		{E0F66840-5D48-430E-9721-88AAA1268990}.Debug|x86.Build.0 = Debug|Win32
		{E0F66840-5D48-430E-9721-88AAA1268990}.Release|x64.ActiveCfg = Release|x64
		{E0F66840-5D48-430E-9721-88AAA1268990}.Release|x64.Build.0 = Release|x64
		{E0F66840-5D48-430E-9721-88AAA1268990}.Release|x86.ActiveCfg = Release|Win32
		{E0F66840-5D48-430E-9721-88AAA1268990}.Release|x86.Build.0 = Release|Win32
		{2DB8EB67-84A4-46A8-9C21-2C20D0931BDC}.Debug|x64.ActiveCfg = Debug|x64
		{2DB8EB67-84A4-46A8-9C21-2C20D0931BDC}.Debug|x64.Build.0 = Debug|x64
		{2DB8EB67-84A4-46A8-9C21-2C20D0931BDC}.Debug|x86.ActiveCfg = Debug|Win32
		{2DB8EB67-84A4-46A8-9C21-2C20D0931BDC}.Debug|x86.Build.0 = Debug|Win32
		{2DB8EB67-84A4-46A8-9C21-2C20D0931BDC}.Release|x64.ActiveCfg = Release|x64
		{2DB8EB67-84A4-46A8-9C21-2C20D0931BDC}.Release|x64.Build.0 = Release|x64
		{2DB8EB67-84A4-46A8-9C21-2C20D0931BDC}.Release|x86.ActiveCfg = Release|Win32
		{2DB8EB67-84A4-46A8-9C21-2C20D0931BDC}.Release|x86.Build.0 = Release|Win32
		{84441884-C228-4668-8663-0E2FB15E972C}.Debug|x64.ActiveCfg = Debug|x64
		{84441884-C228-4668-8663-0E2FB15E972C}.Debug|x64.Build.0 = Debug|x64
		{84441884-C228-4668-8663-0E2FB15E972C}.Debug|x86.ActiveCfg = Debug|Win32
		{84441884-C228-4668-8663-0E2FB15E972C}.Debug|x86.Build.0 = Debug|Win32
		{84441884-C228-4668-8663-0E2FB15E972C}.Release|x64.ActiveCfg = Release|x64
		{84441884-C228-4668-8663-0E2FB15E972C}.Release|x64.Build.0 = Release|x64
		{84441884-C228-4668-8663-0E2FB15E972C}.Release|x86.ActiveCfg = Release|Win32
		{84441884-C228-4668-8663-0E2FB15E972C}.Release|x86.Build.0 = Release|Win32
		{C6D8023E-E49C-44F4-AB1C-DCFC3C2F2A33}.Debug|x64.ActiveCfg = Debug|x64
		{C6D8023E-E49C-44F4-AB1C-DCFC3C2F2A33}.Debug|x64.Build.0 = Debug|x64
		{C6D8023E-E49C-44F4-AB1C-DCFC3C2F2A33}.Debug|x86.ActiveCfg = Debug|Win32
		{C6D8023E-E49C-44F4-AB1C-DCFC3C2F2A33}.Debug|x86.Build.0 = Debug|Win32
		{C6D8023E-E49C-44F4-AB1C-DCFC3C2F2A33}.Release|x64.ActiveCfg = Release|x64
		{C6D8023E-E49C-44F4-AB1C-DCFC3C2F2A33}.Release|x64.Build.0 = Release|x64
		{C6D8023E-E49C-44F4-AB1C-DCFC3C2F2A33}.Release|x86.ActiveCfg = Release|Win32
		{C6D8023E-E49C-44F4-AB1C-DCFC3C2F2A33}.Release|x86.Build.0 = Release|Win32
		{DB219E0F-DA29-4940-BA26-B234B7860FB1}.Debug|x64.ActiveCfg = Debug|x64
		{DB219E0F-DA29-4940-BA26-B234B7860FB1}.Debug|x64.Build.0 = Debug|x64
		{DB219E0F-DA29-4940-BA26-B234B7860FB1}.Debug|x86.ActiveCfg = Debug|Win32
		{DB219E0F-DA29-4940-BA26-B234B7860FB1}.Debug|x86.Build.0 = Debug|Win32
		{DB219E0F-DA29-4940-BA26-B234B7860FB1}.Release|x64.ActiveCfg = Release|x64
		{DB219E0F-DA29-4940-BA26-B234B7860FB1}.Release|x64.Build.0 = Release|x64
		{DB219E0F-DA29-4940-BA26-B234B7860FB1}.Release|x86.ActiveCfg = Release|Win32
		{DB219E0F-DA29-4940-BA26-B234B7860FB1}.Release|x86.Build.0 = Release|Win32
		{00780D24-70AA-4260-BEFB-90C8413B4578}.Debug|x64.ActiveCfg = Debug|x64
		{00780D24-70AA-4260-BEFB-90C8413B4578}.Debug|x64.Build.0 = Debug|x64
		{00780D24-70AA-4260-BEFB-90C8413B4578}.Debug|x86.ActiveCfg = Debug|Win32
		{00780D24-70AA-4260-BEFB-90C8413B4578}.Debug|x86.Build.0 = Debug|Win32
		{00780D24-70AA-4260-BEFB-90C8413B4578}.Release|x64.ActiveCfg = Release|x64
		{00780D24-70AA-4260-BEFB-90C8413B4578}.Release|x64.Build.0 = Release|x64
		{00780D24-70AA-4260-BEFB-90C8413B4578}.Release|x86.ActiveCfg = Release|Win32
		{00780D24-70AA-4260-BEFB-90C8413B4578}.Release|x86.Build.0 = Release|Win32
		{7D8CCBBB-C714-41D4-97A4-202FD15DA85D}.Debug|x64.ActiveCfg = Debug|x64
		{7D8CCBBB-C714-41D4-97A4-202FD15DA85D}.Debug|x64.Build.0 = Debug|x64
		{7D8CCBBB-C714-41D4-97A4-202FD15DA85D}.Debug|x86.ActiveCfg = Debug|Win32
		{7D8CCBBB-C714-41D4-97A4-202FD15DA85D}.Debug|x86.Build.0 = Debug|Win32
		{7D8CCBBB-C714-41D4-97A4-202FD15DA85D}.Release|x64.ActiveCfg = Release|x64
		{7D8CCBBB-C714-41D4-97A4-202FD15DA85D}.Release|x64.Build.0 = Release|x64
		{7D8CCBBB-C714-41D4-97A4-202FD15DA85D}.Release|x86.ActiveCfg = Release|Win32
		{7D8CCBBB-C714-41D4-97A4-202FD15DA85D}.Release|x86.Build.0 = Release|Win32
		{1C8C4F88-44AB-4808-B5FB-16BC8D3F40E6}.Debug|x64.ActiveCfg = Debug|x64
		{1C8C4F88-44AB-4808-B5FB-16BC8D3F40E6}.Debug|x64.Build.0 = Debug|x64
		{1C8C4F88-44AB-4808-B5FB-16BC8D3F40E6}.Debug|x86.ActiveCfg = Debug|Win32
		{1C8C4F88-44AB-4808-B5FB-16BC8D3F40E6}.Debug|x86.Build.0 = Debug|Win32
		{1C8C4F88-44AB-4808-B5FB-16BC8D3F40E6}.Release|x64.ActiveCfg = Release|x64
		{1C8C4F88-44AB-4808-B5FB-16BC8D3F40E6}.Release|x64.Build.0 = Release|x64
		{1C8C4F88-44AB-4808-B5FB-16BC8D3F40E6}.Release|x86.ActiveCfg = Release|Win32
		{1C8C4F88-44AB-4808-B5FB-16BC8D3F40E6}.Release|x86.Build.0 = Release|Win32
		{3C560350-2C28-4872-A90D-3EAADC368F0C}.Debug|x64.ActiveCfg = Debug|x64
		{3C560350-2C28-4872-A90D-3EAADC368F0C}.Debug|x64.Build.0 = Debug|x64
		{3C560350-2C28-4872-A90D-3EAADC368F0C}.Debug|x86.ActiveCfg = Debug|Win32
		{3C560350-2C28-4872-A90D-3EAADC368F0C}.Debug|x86.Build.0 = Debug|Win32
		{3C560350-2C28-4872-A90D-3EAADC368F0C}.Release|x64.ActiveCfg = Release|x64
		{3C560350-2C28-4872-A90D-3EAADC368F0C}.Release|x64.Build.0 = Release|x64
		{3C560350-2C28-4872-A90D-3EAADC368F0C}.Release|x86.ActiveCfg = Release|Win32
		{3C560350-2C28-4872-A90D-3EAADC368F0C}.Release|x86.Build.0 = Release|Win32
		{0669BCD5-7490-4BF2-9BED-7B69FE0D25DA}.Debug|x64.ActiveCfg = Debug|x64
		{0669BCD5-7490-4BF2-9BED-7B69FE0D25DA}.Debug|x64.Build.0 = Debug|x64
		{0669BCD5-7490-4BF2-9BED-7B69FE0D25DA}.Debug|x86.ActiveCfg = Debug|Win32
		{0669BCD5-7490-4BF2-9BED-7B69FE0D25DA}.Debug|x86.Build.0 = Debug|Win32
		{0669BCD5-7490-4BF2-9BED-7B69FE0D25DA}.Release|x64.ActiveCfg = Release|x64
		{0669BCD5-7490-4BF2-9BED-7B69FE0D25DA}.Release|x64.Build.0 = Release|x64
		{0669BCD5-7490-4BF2-9BED-7B69FE0D25DA}.Release|x86.ActiveCfg = Release|Win32
		{0669BCD5-7490-4BF2-9BED-7B69FE0D25DA}.Release|x86.Build.0 = Release|Win32
		{D32367CF-8110-42C4-AA78-BF68BFC52B5C}.Debug|x64.ActiveCfg = Debug|x64
		{D32367CF-8110-42C4-AA78-BF68BFC52B5C}.Debug|x64.Build.0 = Debug|x64
		{D32367CF-8110-42C4-AA78-BF68BFC52B5C}.Debug|x86.ActiveCfg = Debug|Win32
		{D32367CF-8110-42C4-AA78-BF68BFC52B5C}.Debug|x86.Build.0 = Debug|Win32
		{D32367CF-8110-42C4-AA78-BF68BFC52B5C}.Release|x64.ActiveCfg = Release|x64
		{D32367CF-8110-42C4-AA78-BF68BFC52B5C}.Release|x64.Build.0 = Release|x64
		{D32367CF-8110-42C4-AA78-BF68BFC52B5C}.Release|x86.ActiveCfg = Release|Win32
		{D32367CF-8110-42C4-AA78-BF68BFC52B5C}.Release|x86.Build.0 = Release|Win32
		{7219A24E-CA38-4067-A8B2-A36B0CBC835D}.Debug|x64.ActiveCfg = Debug|x64
		{7219A24E-CA38-4067-A8B2-A36B0CBC835D}.Debug|x64.Build.0 = Debug|x64
		{7219A24E-CA38-4067-A8B2-A36B0CBC835D}.Debug|x86.ActiveCfg = Debug|Win32
		{7219A24E-CA38-4067-A8B2-A36B0CBC835D}.Debug|x86.Build.0 = Debug|Win32
		{7219A24E-CA38-4067-A8B2-A36B0CBC835D}.Release|x64.ActiveCfg = Release|x64
		{7219A24E-CA38-4067-A8B2-A36B0CBC835D}.Release|x64.Build.0 = Release|x64
		{7219A24E-CA38-4067-A8B2-A36B0CBC835D}.Release|x86.ActiveCfg = Release|Win32
		{7219A24E-CA38-4067-A8B2-A36B0CBC835D}.Release|x86.Build.0 = Release|Win32
		{441CD7A8-C71A-4E59-AC89-927D746180CC}.Debug|x64.ActiveCfg = Debug|x64
		{441CD7A8-C71A-4E59-AC89-927D746180CC}.Debug|x64.Build.0 = Debug|x64
		{441CD7A8-C71A-4E59-AC89-927D746180CC}.Debug|x86.ActiveCfg = Debug|Win32
		{441CD7A8-C71A-4E59-AC89-927D746180CC}.Debug|x86.Build.0 = Debug|Win32
		{441CD7A8-C71A-4E59-AC89-927D746180CC}.Release|x64.ActiveCfg = Release|x64
		{441CD7A8-C71A-4E59-AC89-927D746180CC}.Release|x64.Build.0 = Release|x64
		{441CD7A8-C71A-4E59-AC89-927D746180CC}.Release|x86.ActiveCfg = Release|Win32
		{441CD7A8-C71A-4E59-AC89-927D746180CC}.Release|x86.Build.0 = Release|Win32
		{603E159B-DE65-4F55-8818-5B741B37C426}.Debug|x64.ActiveCfg = Debug|x64
		{603E159B-DE65-4F55-8818-5B741B37C426}.Debug|x64.Build.0 = Debug|x64
		{603E159B-DE65-4F55-8818-5B741B37C426}.Debug|x86.ActiveCfg = Debug|Win32
		{603E159B-DE65-4F55-8818-5B741B37C426}.Debug|x86.Build.0 = Debug|Win32
		{603E159B-DE65-4F55-8818-5B741B37C426}.Release|x64.ActiveCfg = Release|x64
		{603E159B-DE65-4F55-8818-5B741B37C426}.Release|x64.Build.0 = Release|x64
		{603E159B-DE65-4F55-8818-5B741B37C426}.Release|x86.ActiveCfg = Release|Win32
		{603E159B-DE65-4F55-8818-5B741B37C426}.Release|x86.Build.0 = Release|Win32
		{145079F9-B2B9-4190-BEB2-20B00BBBCB94}.Debug|x64.ActiveCfg = Debug|x64
		{145079F9-B2B9-4190-BEB2-20B00BBBCB94}.Debug|x64.Build.0 = Debug|x64
		{145079F9-B2B9-4190-BEB2-20B00BBBCB94}.Debug|x86.ActiveCfg = Debug|Win32
		{145079F9-B2B9-4190-BEB2-20B00BBBCB94}.Debug|x86.Build.0 = Debug|Win32
		{145079F9-B2B9-4190-BEB2-20B00BBBCB94}.Release|x64.ActiveCfg = Release|x64
		{145079F9-B2B9-4190-BEB2-20B00BBBCB94}.Release|x64.Build.0 = Release|x64
		{145079F9-B2B9-4190-BEB2-20B00BBBCB94}.Release|x86.ActiveCfg = Release|Win32
		{145079F9-B2B9-4190-BEB2-20B00BBBCB94}.Release|x86.Build.0 = Release|Win32
		{C1193A12-F5B5-4147-AA31-F7A13B701AFE}.Debug|x64.ActiveCfg = Debug|x64
		{C1193A12-F5B5-4147-AA31-F7A13B701AFE}.Debug|x64.Build.0 = Debug|x64
		{C1193A12-F5B5-4147-AA31-F7A13B701AFE}.Debug|x86.ActiveCfg = Debug|Win32
		{C1193A12-F5B5-4147-AA31-F7A13B701AFE}.Debug|x86.Build.0 = Debug|Win32
		{C1193A12-F5B5-4147-AA31-F7A13B701AFE}.Release|x64.ActiveCfg = Release|x64
		{C1193A12-F5B5-4147-AA31-F7A13B701AFE}.Release|x64.Build.0 = Release|x64
		{C1193A12-F5B5-4147-AA31-F7A13B701AFE}.Release|x86.ActiveCfg = Release|Win32
		{C1193A12-F5B5-4147-AA31-F7A13B701AFE}.Release|x86.Build.0 = Release|Win32
		{00607E00-E64E-4C91-AFB1-FEADF204A3E9}.Debug|x64.ActiveCfg = Debug|x64
		{00607E00-E64E-4C91-AFB1-FEADF204A3E9}.Debug|x64.Build.0 = Debug|x64
		{00607E00-E64E-4C91-AFB1-FEADF204A3E9}.Debug|x86.ActiveCfg = Debug|Win32
		{00607E00-E64E-4C91-AFB1-FEADF204A3E9}.Debug|x86.Build.0 = Debug|Win32
		{00607E00-E64E-4C91-AFB1-FEADF204A3E9}.Release|x64.ActiveCfg = Release|x64
		{00607E00-E64E-4C91-AFB1-FEADF204A3E9}.Release|x64.Build.0 = Release|x64
		{00607E00-E64E-4C91-AFB1-FEADF204A3E9}.Release|x86.ActiveCfg = Release|Win32
		{00607E00-E64E-4C91-AFB1-FEADF204A3E9}.Release|x86.Build.0 = Release|Win32
		{F2F924AB-8929-4745-AFB5-6FC8E7404385}.Debug|x64.ActiveCfg = Debug|x64
		{F2F924AB-8929-4745-AFB5-6FC8E7404385}.Debug|x64.Build.0 = Debug|x64
		{F2F924AB-8929-4745-AFB5-6FC8E7404385}.Debug|x86.ActiveCfg = Debug|Win32
		{F2F924AB-8929-4745-AFB5-6FC8E7404385}.Debug|x86.Build.0 = Debug|Win32
		{F2F924AB-8929-4745-AFB5-6FC8E7404385}.Release|x64.ActiveCfg = Release|x64
		{F2F924AB-8929-4745-AFB5-6FC8E7404385}.Release|x64.Build.0 = Release|x64
		{F2F924AB-8929-4745-AFB5-6FC8E7404385}.Release|x86.ActiveCfg = Release|Win32
		{F2F924AB-8929-4745-AFB5-6FC8E7404385}.Release|x86.Build.0 = Release|Win32
		{2E77F1A9-694A-4108-AD5F-6510A92E300C}.Debug|x64.ActiveCfg = Debug|x64
		{2E77F1A9-694A-4108-AD5F-6510A92E300C}.Debug|x64.Build.0 = Debug|x64
		{2E77F1A9-694A-4108-AD5F-6510A92E300C}.Debug|x86.ActiveCfg = Debug|Win32
		{2E77F1A9-694A-4108-AD5F-6510A92E300C}.Debug|x86.Build.0 = Debug|Win32
		{2E77F1A9-694A-4108-AD5F-6510A92E300C}.Release|x64.ActiveCfg = Release|x64
		{2E77F1A9-694A-4108-AD5F-6510A92E300C}.Release|x64.Build.0 = Release|x64
		{2E77F1A9-694A-4108-AD5F-6510A92E300C}.Release|x86.ActiveCfg = Release|Win32
		{2E77F1A9-694A-4108-AD5F-6510A92E300C}.Release|x86.Build.0 = Release|Win32
		{31FCD08A-BA37-4066-9528-423B153906A2}.Debug|x64.ActiveCfg = Debug|x64
		{31FCD08A-BA37-4066-9528-423B153906A2}.Debug|x64.Build.0 = Debug|x64
		{31FCD08A-BA37-4066-9528-423B153906A2}.Debug|x86.ActiveCfg = Debug|Win32
		{31FCD08A-BA37-4066-9528-423B153906A2}.Debug|x86.Build.0 = Debug|Win32
		{31FCD08A-BA37-4066-9528-423B153906A2}.Release|x64.ActiveCfg = Release|x64
		{31FCD08A-BA37-4066-9528-423B153906A2}.Release|x64.Build.0 = Release|x64
		{31FCD08A-BA37-4066-9528-423B153906A2}.Release|x86.ActiveCfg = Release|Win32
		{31FCD08A-BA37-4066-9528-423B153906A2}.Release|x86.Build.0 = Release|Win32
		{20466D94-DABA-47A1-9741-9F4DF2CCDF75}.Debug|x64.ActiveCfg = Debug|x64
		{20466D94-DABA-47A1-9741-9F4DF2CCDF75}.Debug|x64.Build.0 = Debug|x64
		{20466D94-DABA-47A1-9741-9F4DF2CCDF75}.Debug|x86.ActiveCfg = Debug|Win32
		{20466D94-DABA-47A1-9741-9F4DF2CCDF75}.Debug|x86.Build.0 = Debug|Win32
		{20466D94-DABA-47A1-9741-9F4DF2CCDF75}.Release|x64.ActiveCfg = Release|x64
		{20466D94-DABA-47A1-9741-9F4DF2CCDF75}.Release|x64.Build.0 = Release|x64
		{20466D94-DABA-47A1-9741-9F4DF2CCDF75}.Release|x86.ActiveCfg = Release|Win32
		{20466D94-DABA-47A1-9741-9F4DF2CCDF75}.Release|x86.Build.0 = Release|Win32
		{950D6CD4-2476-4157-9C21-339482653BCA}.Debug|x64.ActiveCfg = Debug|x64
		{950D6CD4-2476-4157-9C21-339482653BCA}.Debug|x64.Build.0 = Debug|x64
		{950D6CD4-2476-4157-9C21-339482653BCA}.Debug|x86.ActiveCfg = Debug|Win32
		{950D6CD4-2476-4157-9C21-339482653BCA}.Debug|x86.Build.0 = Debug|Win32
		{950D6CD4-2476-4157-9C21-339482653BCA}.Release|x64.ActiveCfg = Release|x64
		{950D6CD4-2476-4157-9C21-339482653BCA}.Release|x64.Build.0 = Release|x64
		{950D6CD4-2476-4157-9C21-339482653BCA}.Release|x86.ActiveCfg = Release|Win32
		{950D6CD4-2476-4157-9C21-339482653BCA}.Release|x86.Build.0 = Release|Win32
		{CCEDCAD4-68BF-493B-B917-C1BFBE8F4AE3}.Debug|x64.ActiveCfg = Debug|x64
		{CCEDCAD4-68BF-493B-B917-C1BFBE8F4AE3}.Debug|x64.Build.0 = Debug|x64
		{CCEDCAD4-68BF-493B-B917-C1BFBE8F4AE3}.Debug|x86.ActiveCfg = Debug|Win32
		{CCEDCAD4-68BF-493B-B917-C1BFBE8F4AE3}.Debug|x86.Build.0 = Debug|Win32
		{CCEDCAD4-68BF-493B-B917-C1BFBE8F4AE3}.Release|x64.ActiveCfg = Release|x64
		{CCEDCAD4-68BF-493B-B917-C1BFBE8F4AE3}.Release|x64.Build.0 = Release|x64
		{CCEDCAD4-68BF-493B-B917-C1BFBE8F4AE3}.Release|x86.ActiveCfg = Release|Win32
		{CCEDCAD4-68BF-493B-B917-C1BFBE8F4AE3}.Release|x86.Build.0 = Release|Win32
		{D143C091-6DE5-4570-9D6A-377E7C442107}.Debug|x64.ActiveCfg = Debug|x64
		{D143C091-6DE5-4570-9D6A-377E7C442107}.Debug|x64.Build.0 = Debug|x64
		{D143C091-6DE5-4570-9D6A-377E7C442107}.Debug|x86.ActiveCfg = Debug|Win32
		{D143C091-6DE5-4570-9D6A-377E7C442107}.Debug|x86.Build.0 = Debug|Win32
		{D143C091-6DE5-4570-9D6A-377E7C442107}.Release|x64.ActiveCfg = Release|x64
		{D143C091-6DE5-4570-9D6A-377E7C442107}.Release|x64.Build.0 = Release|x64
		{D143C091-6DE5-4570-9D6A-377E7C442107}.Release|x86.ActiveCfg = Release|Win32
		{D143C091-6DE5-4570-9D6A-377E7C442107}.Release|x86.Build.0 = Release|Win32
	EndGlobalSection
	GlobalSection(SolutionProperties) = preSolution
		HideSolutionNode = FALSE
	EndGlobalSection
	GlobalSection(ExtensibilityGlobals) = postSolution
		SolutionGuid = {781E041B-6448-45D9-AE60-C1A4049C8633}
	EndGlobalSection
EndGlobal
